
Microsoft Visual Studio Solution File, Format Version 12.00
# Visual Studio Version 17
VisualStudioVersion = 17.2.32630.192
MinimumVisualStudioVersion = 10.0.40219.1
Project("{FAE04EC0-301F-11D3-BF4B-00C04F79EFBC}") = "Relations", "Relations\Relations.csproj", "{ED9CB860-6F55-4EF2-B308-ED3E59135DDC}"
EndProject
Project("{FAE04EC0-301F-11D3-BF4B-00C04F79EFBC}") = "BLL", "BLL\BLL.csproj", "{C70499DD-A86C-48B0-9957-6D88258E6171}"
EndProject
Project("{FAE04EC0-301F-11D3-BF4B-00C04F79EFBC}") = "DAL", "DAL\DAL.csproj", "{9E36251F-47A0-45A1-B37E-62BDDE87D2D7}"
EndProject
Global
	GlobalSection(SolutionConfigurationPlatforms) = preSolution
		Debug|Any CPU = Debug|Any CPU
		Release|Any CPU = Release|Any CPU
	EndGlobalSection
	GlobalSection(ProjectConfigurationPlatforms) = postSolution
		{ED9CB860-6F55-4EF2-B308-ED3E59135DDC}.Debug|Any CPU.ActiveCfg = Debug|Any CPU
		{ED9CB860-6F55-4EF2-B308-ED3E59135DDC}.Debug|Any CPU.Build.0 = Debug|Any CPU
		{ED9CB860-6F55-4EF2-B308-ED3E59135DDC}.Release|Any CPU.ActiveCfg = Release|Any CPU
		{ED9CB860-6F55-4EF2-B308-ED3E59135DDC}.Release|Any CPU.Build.0 = Release|Any CPU
		{C70499DD-A86C-48B0-9957-6D88258E6171}.Debug|Any CPU.ActiveCfg = Debug|Any CPU
		{C70499DD-A86C-48B0-9957-6D88258E6171}.Debug|Any CPU.Build.0 = Debug|Any CPU
		{C70499DD-A86C-48B0-9957-6D88258E6171}.Release|Any CPU.ActiveCfg = Release|Any CPU
		{C70499DD-A86C-48B0-9957-6D88258E6171}.Release|Any CPU.Build.0 = Release|Any CPU
		{9E36251F-47A0-45A1-B37E-62BDDE87D2D7}.Debug|Any CPU.ActiveCfg = Debug|Any CPU
		{9E36251F-47A0-45A1-B37E-62BDDE87D2D7}.Debug|Any CPU.Build.0 = Debug|Any CPU
		{9E36251F-47A0-45A1-B37E-62BDDE87D2D7}.Release|Any CPU.ActiveCfg = Release|Any CPU
		{9E36251F-47A0-45A1-B37E-62BDDE87D2D7}.Release|Any CPU.Build.0 = Release|Any CPU
	EndGlobalSection
	GlobalSection(SolutionProperties) = preSolution
		HideSolutionNode = FALSE
	EndGlobalSection
	GlobalSection(ExtensibilityGlobals) = postSolution
		SolutionGuid = {DAAA811C-1B10-46B0-A14C-A9FC4958D29E}
	EndGlobalSection
EndGlobal
