
Microsoft Visual Studio Solution File, Format Version 12.00
# Visual Studio Version 16
VisualStudioVersion = 16.0.32510.428
MinimumVisualStudioVersion = 10.0.40219.1
Project("{FAE04EC0-301F-11D3-BF4B-00C04F79EFBC}") = "first_web_site", "first_web_site\first_web_site.csproj", "{6CE45E25-E65C-47C6-8E53-F6B609E09C9B}"
EndProject
Global
	GlobalSection(SolutionConfigurationPlatforms) = preSolution
		Debug|Any CPU = Debug|Any CPU
		Release|Any CPU = Release|Any CPU
	EndGlobalSection
	GlobalSection(ProjectConfigurationPlatforms) = postSolution
		{6CE45E25-E65C-47C6-8E53-F6B609E09C9B}.Debug|Any CPU.ActiveCfg = Debug|Any CPU
		{6CE45E25-E65C-47C6-8E53-F6B609E09C9B}.Debug|Any CPU.Build.0 = Debug|Any CPU
		{6CE45E25-E65C-47C6-8E53-F6B609E09C9B}.Release|Any CPU.ActiveCfg = Release|Any CPU
		{6CE45E25-E65C-47C6-8E53-F6B609E09C9B}.Release|Any CPU.Build.0 = Release|Any CPU
	EndGlobalSection
	GlobalSection(SolutionProperties) = preSolution
		HideSolutionNode = FALSE
	EndGlobalSection
	GlobalSection(ExtensibilityGlobals) = postSolution
		SolutionGuid = {A596DA62-6C59-4EC5-A3EF-A590B655F006}
	EndGlobalSection
EndGlobal
