
Microsoft Visual Studio Solution File, Format Version 12.00
# Visual Studio Version 17
VisualStudioVersion = 17.2.32630.192
MinimumVisualStudioVersion = 10.0.40219.1
Project("{FAE04EC0-301F-11D3-BF4B-00C04F79EFBC}") = "APP", "Presentation_layer\APP.csproj", "{59881E7A-4B79-4FAE-813B-B1E51BCD0710}"
EndProject
Project("{FAE04EC0-301F-11D3-BF4B-00C04F79EFBC}") = "BLL", "BLL\BLL.csproj", "{1900237B-67CC-4C93-B933-7DC98D87BB18}"
EndProject
Project("{FAE04EC0-301F-11D3-BF4B-00C04F79EFBC}") = "DAL", "DAL\DAL.csproj", "{3D4BB52F-CD2C-49FF-9199-09258EEABB0F}"
EndProject
Global
	GlobalSection(SolutionConfigurationPlatforms) = preSolution
		Debug|Any CPU = Debug|Any CPU
		Release|Any CPU = Release|Any CPU
	EndGlobalSection
	GlobalSection(ProjectConfigurationPlatforms) = postSolution
		{59881E7A-4B79-4FAE-813B-B1E51BCD0710}.Debug|Any CPU.ActiveCfg = Debug|Any CPU
		{59881E7A-4B79-4FAE-813B-B1E51BCD0710}.Debug|Any CPU.Build.0 = Debug|Any CPU
		{59881E7A-4B79-4FAE-813B-B1E51BCD0710}.Release|Any CPU.ActiveCfg = Release|Any CPU
		{59881E7A-4B79-4FAE-813B-B1E51BCD0710}.Release|Any CPU.Build.0 = Release|Any CPU
		{1900237B-67CC-4C93-B933-7DC98D87BB18}.Debug|Any CPU.ActiveCfg = Debug|Any CPU
		{1900237B-67CC-4C93-B933-7DC98D87BB18}.Debug|Any CPU.Build.0 = Debug|Any CPU
		{1900237B-67CC-4C93-B933-7DC98D87BB18}.Release|Any CPU.ActiveCfg = Release|Any CPU
		{1900237B-67CC-4C93-B933-7DC98D87BB18}.Release|Any CPU.Build.0 = Release|Any CPU
		{3D4BB52F-CD2C-49FF-9199-09258EEABB0F}.Debug|Any CPU.ActiveCfg = Debug|Any CPU
		{3D4BB52F-CD2C-49FF-9199-09258EEABB0F}.Debug|Any CPU.Build.0 = Debug|Any CPU
		{3D4BB52F-CD2C-49FF-9199-09258EEABB0F}.Release|Any CPU.ActiveCfg = Release|Any CPU
		{3D4BB52F-CD2C-49FF-9199-09258EEABB0F}.Release|Any CPU.Build.0 = Release|Any CPU
	EndGlobalSection
	GlobalSection(SolutionProperties) = preSolution
		HideSolutionNode = FALSE
	EndGlobalSection
	GlobalSection(ExtensibilityGlobals) = postSolution
		SolutionGuid = {55970D81-E78A-4B36-A18E-42BFAF9FCBE8}
	EndGlobalSection
EndGlobal
